
Microsoft Visual Studio Solution File, Format Version 12.00
# Visual Studio 15
VisualStudioVersion = 15.0.28010.2016
MinimumVisualStudioVersion = 10.0.40219.1
Project("{FAE04EC0-301F-11D3-BF4B-00C04F79EFBC}") = "AzNetworkChange", "AzNetworkChange\AzNetworkChange.csproj", "{271E0623-9C02-4D05-8D94-2B5F7D317E6F}"
EndProject
Global
	GlobalSection(SolutionConfigurationPlatforms) = preSolution
		Debug|Any CPU = Debug|Any CPU
		Release|Any CPU = Release|Any CPU
	EndGlobalSection
	GlobalSection(ProjectConfigurationPlatforms) = postSolution
		{271E0623-9C02-4D05-8D94-2B5F7D317E6F}.Debug|Any CPU.ActiveCfg = Debug|Any CPU
		{271E0623-9C02-4D05-8D94-2B5F7D317E6F}.Debug|Any CPU.Build.0 = Debug|Any CPU
		{271E0623-9C02-4D05-8D94-2B5F7D317E6F}.Release|Any CPU.ActiveCfg = Release|Any CPU
		{271E0623-9C02-4D05-8D94-2B5F7D317E6F}.Release|Any CPU.Build.0 = Release|Any CPU
	EndGlobalSection
	GlobalSection(SolutionProperties) = preSolution
		HideSolutionNode = FALSE
	EndGlobalSection
	GlobalSection(ExtensibilityGlobals) = postSolution
		SolutionGuid = {036E3BC3-2A41-477D-B425-71CC0D3E23E5}
	EndGlobalSection
EndGlobal
